{
  "name": "MindNet",
  "lockfileVersion": 2,
  "requires": true,
  "packages": {
    "": {
      "dependencies": {
        "three-trackballcontrols": "^0.9.0",
        "uuid-validate": "^0.0.3"
      }
    },
    "node_modules/three": {
      "version": "0.143.0",
      "resolved": "https://registry.npmjs.org/three/-/three-0.143.0.tgz",
      "integrity": "sha512-oKcAGYHhJ46TGEuHjodo2n6TY2R6lbvrkp+feKZxqsUL/WkH7GKKaeu6RHeyb2Xjfk2dPLRKLsOP0KM2VgT8Zg==",
      "peer": true
    },
    "node_modules/three-trackballcontrols": {
      "version": "0.9.0",
      "resolved": "https://registry.npmjs.org/three-trackballcontrols/-/three-trackballcontrols-0.9.0.tgz",
      "integrity": "sha512-Z6HmIJnP70r5uONvcPCdLEF0SsG1kbGzNb7qQYj3c7b6v2E3XTlbNpZsgTjt36oKm0Z2tU11D6EbW4i8KIHuqA==",
      "peerDependencies": {
        "three": ">= 0.86 <= 1.0"
      }
    },
    "node_modules/uuid-validate": {
      "version": "0.0.3",
      "resolved": "https://registry.npmjs.org/uuid-validate/-/uuid-validate-0.0.3.tgz",
      "integrity": "sha512-Fykw5U4eZESbq739BeLvEBFRuJODfrlmjx5eJux7W817LjRaq4b7/i4t2zxQmhcX+fAj4nMfRdTzO4tmwLKn0w=="
    }
  },
  "dependencies": {
    "three": {
      "version": "0.143.0",
      "resolved": "https://registry.npmjs.org/three/-/three-0.143.0.tgz",
      "integrity": "sha512-oKcAGYHhJ46TGEuHjodo2n6TY2R6lbvrkp+feKZxqsUL/WkH7GKKaeu6RHeyb2Xjfk2dPLRKLsOP0KM2VgT8Zg==",
      "peer": true
    },
    "three-trackballcontrols": {
      "version": "0.9.0",
      "resolved": "https://registry.npmjs.org/three-trackballcontrols/-/three-trackballcontrols-0.9.0.tgz",
      "integrity": "sha512-Z6HmIJnP70r5uONvcPCdLEF0SsG1kbGzNb7qQYj3c7b6v2E3XTlbNpZsgTjt36oKm0Z2tU11D6EbW4i8KIHuqA==",
      "requires": {}
    },
    "uuid-validate": {
      "version": "0.0.3",
      "resolved": "https://registry.npmjs.org/uuid-validate/-/uuid-validate-0.0.3.tgz",
      "integrity": "sha512-Fykw5U4eZESbq739BeLvEBFRuJODfrlmjx5eJux7W817LjRaq4b7/i4t2zxQmhcX+fAj4nMfRdTzO4tmwLKn0w=="
    }
  }
}
